PODS:
  - AppLovinMediationFacebookAdapter (6.20.1.0):
    - AppLovinSDK (>= 13.0.0)
    - FBAudienceNetwork (= 6.20.1)
  - AppLovinMediationGoogleAdapter (12.11.0.0):
    - AppLovinSDK (>= 13.0.0)
    - Google-Mobile-Ads-SDK (= 12.11.0)
  - AppLovinMediationIronSourceAdapter (9.0.0.0.0):
    - AppLovinSDK (>= 13.0.0)
    - IronSourceSDK/Ads (= 9.0.0.0)
  - AppLovinMediationUnityAdsAdapter (4.16.1.0):
    - AppLovinSDK (>= 13.0.0)
    - UnityAds (= 4.16.1)
  - AppLovinSDK (13.4.0)
  - FBAudienceNetwork (6.20.1)
  - Google-Mobile-Ads-SDK (12.11.0):
    - GoogleUserMessagingPlatform (>= 1.1)
  - GoogleMobileAdsMediationAppLovin (13.4.0.0):
    - AppLovinSDK (= 13.4.0)
    - Google-Mobile-Ads-SDK (~> 12.0)
  - GoogleMobileAdsMediationFacebook (6.20.1.0):
    - FBAudienceNetwork (= 6.20.1)
    - Google-Mobile-Ads-SDK (~> 12.0)
  - GoogleMobileAdsMediationIronSource (9.0.0.0.0):
    - Google-Mobile-Ads-SDK (~> 12.0)
    - IronSourceSDK (= 9.0.0.0)
  - GoogleMobileAdsMediationUnity (4.16.1.0):
    - Google-Mobile-Ads-SDK (~> 12.0)
    - UnityAds (= 4.16.1)
  - GoogleUserMessagingPlatform (3.0.0)
  - IronSourceAdQualitySDK (9.0.1)
  - IronSourceSDK (9.0.0.0):
    - IronSourceSDK/AdQuality (= 9.0.0.0)
    - IronSourceSDK/Ads (= 9.0.0.0)
  - IronSourceSDK/AdQuality (9.0.0.0):
    - IronSourceAdQualitySDK (~> 9.0.0)
  - IronSourceSDK/Ads (9.0.0.0)
  - KeychainSwift (24.0.0)
  - MultiAds (1.0.0):
    - AppLovinMediationFacebookAdapter
    - AppLovinMediationGoogleAdapter
    - AppLovinMediationIronSourceAdapter
    - AppLovinMediationUnityAdsAdapter
    - Google-Mobile-Ads-SDK
    - GoogleMobileAdsMediationAppLovin
    - GoogleMobileAdsMediationFacebook
    - GoogleMobileAdsMediationIronSource
    - GoogleMobileAdsMediationUnity
    - KeychainSwift (~> 24.0)
    - SwiftyJSON (~> 5.0.2)
  - SwiftyJSON (5.0.2)
  - UnityAds (4.16.1)

DEPENDENCIES:
  - MultiAds (from `../`)

SPEC REPOS:
  trunk:
    - AppLovinMediationFacebookAdapter
    - AppLovinMediationGoogleAdapter
    - AppLovinMediationIronSourceAdapter
    - AppLovinMediationUnityAdsAdapter
    - AppLovinSDK
    - FBAudienceNetwork
    - Google-Mobile-Ads-SDK
    - GoogleMobileAdsMediationAppLovin
    - GoogleMobileAdsMediationFacebook
    - GoogleMobileAdsMediationIronSource
    - GoogleMobileAdsMediationUnity
    - GoogleUserMessagingPlatform
    - IronSourceAdQualitySDK
    - IronSourceSDK
    - KeychainSwift
    - SwiftyJSON
    - UnityAds

EXTERNAL SOURCES:
  MultiAds:
    :path: "../"

SPEC CHECKSUMS:
  AppLovinMediationFacebookAdapter: 7c9837eb64a43823812dc23609eac01973ff8b74
  AppLovinMediationGoogleAdapter: 7974f784ae6ac93739222343c0c1c01110a13e34
  AppLovinMediationIronSourceAdapter: 2472fee4ca9e2f77fc31571acb21ae9656ecb5a2
  AppLovinMediationUnityAdsAdapter: 16e2c3cc72761ce5bd395a5c91222ad15c040cb5
  AppLovinSDK: 33fcc783889e2d522ae26886b31e5551246a5b2f
  FBAudienceNetwork: 08e86d63a05b3a5a59414af12e4af8d756943c80
  Google-Mobile-Ads-SDK: b833c723759e32bbaf06edaaf2293f08ed898232
  GoogleMobileAdsMediationAppLovin: 604d93a0913908be064558a90170004f35b57a96
  GoogleMobileAdsMediationFacebook: b11a92ae3bfdae19853b882252b7e62791c18162
  GoogleMobileAdsMediationIronSource: 9bcd7657d1c133ed89f01540cae735eb40352ca3
  GoogleMobileAdsMediationUnity: 9e788d0fc5517623ff1321c5896608c808d66099
  GoogleUserMessagingPlatform: f8d0cdad3ca835406755d0a69aa634f00e76d576
  IronSourceAdQualitySDK: a23d5ad2cc7906c675f4124436a9d8343a661ff8
  IronSourceSDK: b64660084bc4b162f30a4e846f7b763ce0074664
  KeychainSwift: 007c4647486e4563adca839cf02cef00deb3b670
  MultiAds: 7c3595c41e8ee88c477535574f992096c20ca0f3
  SwiftyJSON: f5b1bf1cd8dd53cd25887ac0eabcfd92301c6a5a
  UnityAds: 24cb6536614958aefcd5a44576eb4f3157c781d0

PODFILE CHECKSUM: 239c77a64f5e5a76ebb6b6d61f4f8546b61ef511

COCOAPODS: 1.16.2
