PODS:
  - IPAPI (3.0.0)
  - KeychainSwift (20.0.0)
  - MultiAds (1.0.0):
    - IPAPI (~> 3.0)
    - KeychainSwift (~> 20.0.0)
    - SwiftyJSON (~> 5.0.2)
  - SwiftyJSON (5.0.2)

DEPENDENCIES:
  - MultiAds (from `../`)

SPEC REPOS:
  trunk:
    - IPAPI
    - KeychainSwift
    - SwiftyJSON

EXTERNAL SOURCES:
  MultiAds:
    :path: "../"

SPEC CHECKSUMS:
  IPAPI: 56013753e9bc906a9347bf8e260e957ff382b393
  KeychainSwift: 0ce6a4d13f7228054d1a71bb1b500448fb2ab837
  MultiAds: 65c6e25c280dd7d19d48596d1a4167c9f1812f5d
  SwiftyJSON: f5b1bf1cd8dd53cd25887ac0eabcfd92301c6a5a

PODFILE CHECKSUM: d588f37819465df69d2d7d1c91d444a156e879a4

COCOAPODS: 1.16.2
